
Microsoft Visual Studio Solution File, Format Version 12.00
# Visual Studio Version 16
VisualStudioVersion = 16.0.31911.196
MinimumVisualStudioVersion = 10.0.40219.1
Project("{9A19103F-16F7-4668-BE54-9A1E7A4F7556}") = "ApplicationWithAllPatterns", "ApplicationWithAllPatterns\ApplicationWithAllPatterns.csproj", "{7C6A560E-8B57-4545-9015-190872A03980}"
EndProject
Project("{9A19103F-16F7-4668-BE54-9A1E7A4F7556}") = "Strategy", "Strategy\Strategy.csproj", "{CD09C32D-4180-4B36-8FDB-6015344313B5}"
EndProject
Project("{9A19103F-16F7-4668-BE54-9A1E7A4F7556}") = "TemplateMethod", "TemplateMethod\TemplateMethod.csproj", "{326DC838-D1CE-445A-AEA1-E329CBB99365}"
EndProject
Project("{FAE04EC0-301F-11D3-BF4B-00C04F79EFBC}") = "Mediator", "Mediator\Mediator.csproj", "{4A1DF7E4-491D-4178-A5BF-27915AB8A98B}"
EndProject
Project("{2150E333-8FDC-42A3-9474-1A3956D46DE8}") = "BehaviorPatterns", "BehaviorPatterns", "{9AFA4336-C6C7-49BC-B263-8E5B012D252D}"
EndProject
Global
	GlobalSection(SolutionConfigurationPlatforms) = preSolution
		Debug|Any CPU = Debug|Any CPU
		Release|Any CPU = Release|Any CPU
	EndGlobalSection
	GlobalSection(ProjectConfigurationPlatforms) = postSolution
		{7C6A560E-8B57-4545-9015-190872A03980}.Debug|Any CPU.ActiveCfg = Debug|Any CPU
		{7C6A560E-8B57-4545-9015-190872A03980}.Debug|Any CPU.Build.0 = Debug|Any CPU
		{7C6A560E-8B57-4545-9015-190872A03980}.Release|Any CPU.ActiveCfg = Release|Any CPU
		{7C6A560E-8B57-4545-9015-190872A03980}.Release|Any CPU.Build.0 = Release|Any CPU
		{CD09C32D-4180-4B36-8FDB-6015344313B5}.Debug|Any CPU.ActiveCfg = Debug|Any CPU
		{CD09C32D-4180-4B36-8FDB-6015344313B5}.Debug|Any CPU.Build.0 = Debug|Any CPU
		{CD09C32D-4180-4B36-8FDB-6015344313B5}.Release|Any CPU.ActiveCfg = Release|Any CPU
		{CD09C32D-4180-4B36-8FDB-6015344313B5}.Release|Any CPU.Build.0 = Release|Any CPU
		{326DC838-D1CE-445A-AEA1-E329CBB99365}.Debug|Any CPU.ActiveCfg = Debug|Any CPU
		{326DC838-D1CE-445A-AEA1-E329CBB99365}.Debug|Any CPU.Build.0 = Debug|Any CPU
		{326DC838-D1CE-445A-AEA1-E329CBB99365}.Release|Any CPU.ActiveCfg = Release|Any CPU
		{326DC838-D1CE-445A-AEA1-E329CBB99365}.Release|Any CPU.Build.0 = Release|Any CPU
		{4A1DF7E4-491D-4178-A5BF-27915AB8A98B}.Debug|Any CPU.ActiveCfg = Debug|Any CPU
		{4A1DF7E4-491D-4178-A5BF-27915AB8A98B}.Debug|Any CPU.Build.0 = Debug|Any CPU
		{4A1DF7E4-491D-4178-A5BF-27915AB8A98B}.Release|Any CPU.ActiveCfg = Release|Any CPU
		{4A1DF7E4-491D-4178-A5BF-27915AB8A98B}.Release|Any CPU.Build.0 = Release|Any CPU
	EndGlobalSection
	GlobalSection(SolutionProperties) = preSolution
		HideSolutionNode = FALSE
	EndGlobalSection
	GlobalSection(NestedProjects) = preSolution
		{CD09C32D-4180-4B36-8FDB-6015344313B5} = {9AFA4336-C6C7-49BC-B263-8E5B012D252D}
		{326DC838-D1CE-445A-AEA1-E329CBB99365} = {9AFA4336-C6C7-49BC-B263-8E5B012D252D}
		{4A1DF7E4-491D-4178-A5BF-27915AB8A98B} = {9AFA4336-C6C7-49BC-B263-8E5B012D252D}
	EndGlobalSection
	GlobalSection(ExtensibilityGlobals) = postSolution
		SolutionGuid = {DA05954E-B92B-4C7F-A76D-C19B19C00D72}
	EndGlobalSection
EndGlobal
