Microsoft Visual Studio Solution File, Format Version 12.00
# Visual Studio Version 16
VisualStudioVersion = 16.0.31911.196
MinimumVisualStudioVersion = 10.0.40219.1
Project("{9A19103F-16F7-4668-BE54-9A1E7A4F7556}") = "ApplicationWithAllPatterns", "ApplicationWithAllPatterns\ApplicationWithAllPatterns.csproj", "{7C6A560E-8B57-4545-9015-190872A03980}"
EndProject
Project("{9A19103F-16F7-4668-BE54-9A1E7A4F7556}") = "Strategy", "Strategy\Strategy.csproj", "{CD09C32D-4180-4B36-8FDB-6015344313B5}"
EndProject
Project("{9A19103F-16F7-4668-BE54-9A1E7A4F7556}") = "TemplateMethod", "TemplateMethod\TemplateMethod.csproj", "{326DC838-D1CE-445A-AEA1-E329CBB99365}"
EndProject
Project("{9A19103F-16F7-4668-BE54-9A1E7A4F7556}") = "Mediator", "Mediator\Mediator.csproj", "{4A1DF7E4-491D-4178-A5BF-27915AB8A98B}"
EndProject
Project("{2150E333-8FDC-42A3-9474-1A3956D46DE8}") = "BehavioralPatterns", "BehavioralPatterns", "{9AFA4336-C6C7-49BC-B263-8E5B012D252D}"
EndProject
Project("{9A19103F-16F7-4668-BE54-9A1E7A4F7556}") = "Iterator", "Iterator\Iterator.csproj", "{9AA1D966-3D5F-488D-AEE6-9CEB8C20FC70}"
EndProject
Project("{9A19103F-16F7-4668-BE54-9A1E7A4F7556}") = "Observer", "Observer\Observer.csproj", "{48C569CB-4468-488E-90BB-65DF0DA05472}"
EndProject
Project("{9A19103F-16F7-4668-BE54-9A1E7A4F7556}") = "Visitor", "Visitor\Visitor.csproj", "{3CDED5DA-66AF-4AC7-8F08-153EA4D3F07E}"
EndProject
Project("{9A19103F-16F7-4668-BE54-9A1E7A4F7556}") = "State", "State\State.csproj", "{B8DE59FB-34AE-40E0-83B5-40889E230346}"
EndProject
Project("{9A19103F-16F7-4668-BE54-9A1E7A4F7556}") = "ChainOfResponsibility", "ChainOfResponsibility\ChainOfResponsibility.csproj", "{C37BEE51-1AD1-4BFD-9A3A-8613579F3BAA}"
EndProject
Project("{2150E333-8FDC-42A3-9474-1A3956D46DE8}") = "CreationalPatterns", "CreationalPatterns", "{0BBE9799-F0FA-47A0-9AB9-EA9AB28098C5}"
EndProject
Project("{9A19103F-16F7-4668-BE54-9A1E7A4F7556}") = "Singleton", "Singleton\Singleton.csproj", "{6D59F091-366D-4150-A5CD-02A196C3D972}"
EndProject
Project("{9A19103F-16F7-4668-BE54-9A1E7A4F7556}") = "AbstractFactory", "AbstractFactory\AbstractFactory.csproj", "{051AC430-F99E-4286-A4ED-92DD5D3B3168}"
EndProject
Project("{9A19103F-16F7-4668-BE54-9A1E7A4F7556}") = "FactoryMethod", "FactoryMethod\FactoryMethod.csproj", "{4ED7FB47-9515-4E2D-A531-E08629519963}"
EndProject
Project("{9A19103F-16F7-4668-BE54-9A1E7A4F7556}") = "Builder", "Builder\Builder.csproj", "{0D4772AF-22E4-4594-B0FB-ABFAC7433BB9}"
EndProject
Project("{2150E333-8FDC-42A3-9474-1A3956D46DE8}") = "StructuralPatterns", "StructuralPatterns", "{BF5E0873-389B-438E-9A78-C8931365FFF5}"
EndProject
Project("{FAE04EC0-301F-11D3-BF4B-00C04F79EFBC}") = "Adapter", "Adapter\Adapter.csproj", "{9A9230DB-4A44-4257-8244-E6CC60194560}"
EndProject
Global
	GlobalSection(SolutionConfigurationPlatforms) = preSolution
		Debug|Any CPU = Debug|Any CPU
		Release|Any CPU = Release|Any CPU
	EndGlobalSection
	GlobalSection(ProjectConfigurationPlatforms) = postSolution
		{7C6A560E-8B57-4545-9015-190872A03980}.Debug|Any CPU.ActiveCfg = Debug|Any CPU
		{7C6A560E-8B57-4545-9015-190872A03980}.Debug|Any CPU.Build.0 = Debug|Any CPU
		{7C6A560E-8B57-4545-9015-190872A03980}.Release|Any CPU.ActiveCfg = Release|Any CPU
		{7C6A560E-8B57-4545-9015-190872A03980}.Release|Any CPU.Build.0 = Release|Any CPU
		{CD09C32D-4180-4B36-8FDB-6015344313B5}.Debug|Any CPU.ActiveCfg = Debug|Any CPU
		{CD09C32D-4180-4B36-8FDB-6015344313B5}.Debug|Any CPU.Build.0 = Debug|Any CPU
		{CD09C32D-4180-4B36-8FDB-6015344313B5}.Release|Any CPU.ActiveCfg = Release|Any CPU
		{CD09C32D-4180-4B36-8FDB-6015344313B5}.Release|Any CPU.Build.0 = Release|Any CPU
		{326DC838-D1CE-445A-AEA1-E329CBB99365}.Debug|Any CPU.ActiveCfg = Debug|Any CPU
		{326DC838-D1CE-445A-AEA1-E329CBB99365}.Debug|Any CPU.Build.0 = Debug|Any CPU
		{326DC838-D1CE-445A-AEA1-E329CBB99365}.Release|Any CPU.ActiveCfg = Release|Any CPU
		{326DC838-D1CE-445A-AEA1-E329CBB99365}.Release|Any CPU.Build.0 = Release|Any CPU
		{4A1DF7E4-491D-4178-A5BF-27915AB8A98B}.Debug|Any CPU.ActiveCfg = Debug|Any CPU
		{4A1DF7E4-491D-4178-A5BF-27915AB8A98B}.Debug|Any CPU.Build.0 = Debug|Any CPU
		{4A1DF7E4-491D-4178-A5BF-27915AB8A98B}.Release|Any CPU.ActiveCfg = Release|Any CPU
		{4A1DF7E4-491D-4178-A5BF-27915AB8A98B}.Release|Any CPU.Build.0 = Release|Any CPU
		{9AA1D966-3D5F-488D-AEE6-9CEB8C20FC70}.Debug|Any CPU.ActiveCfg = Debug|Any CPU
		{9AA1D966-3D5F-488D-AEE6-9CEB8C20FC70}.Debug|Any CPU.Build.0 = Debug|Any CPU
		{9AA1D966-3D5F-488D-AEE6-9CEB8C20FC70}.Release|Any CPU.ActiveCfg = Release|Any CPU
		{9AA1D966-3D5F-488D-AEE6-9CEB8C20FC70}.Release|Any CPU.Build.0 = Release|Any CPU
		{48C569CB-4468-488E-90BB-65DF0DA05472}.Debug|Any CPU.ActiveCfg = Debug|Any CPU
		{48C569CB-4468-488E-90BB-65DF0DA05472}.Debug|Any CPU.Build.0 = Debug|Any CPU
		{48C569CB-4468-488E-90BB-65DF0DA05472}.Release|Any CPU.ActiveCfg = Release|Any CPU
		{48C569CB-4468-488E-90BB-65DF0DA05472}.Release|Any CPU.Build.0 = Release|Any CPU
		{3CDED5DA-66AF-4AC7-8F08-153EA4D3F07E}.Debug|Any CPU.ActiveCfg = Debug|Any CPU
		{3CDED5DA-66AF-4AC7-8F08-153EA4D3F07E}.Debug|Any CPU.Build.0 = Debug|Any CPU
		{3CDED5DA-66AF-4AC7-8F08-153EA4D3F07E}.Release|Any CPU.ActiveCfg = Release|Any CPU
		{3CDED5DA-66AF-4AC7-8F08-153EA4D3F07E}.Release|Any CPU.Build.0 = Release|Any CPU
		{B8DE59FB-34AE-40E0-83B5-40889E230346}.Debug|Any CPU.ActiveCfg = Debug|Any CPU
		{B8DE59FB-34AE-40E0-83B5-40889E230346}.Debug|Any CPU.Build.0 = Debug|Any CPU
		{B8DE59FB-34AE-40E0-83B5-40889E230346}.Release|Any CPU.ActiveCfg = Release|Any CPU
		{B8DE59FB-34AE-40E0-83B5-40889E230346}.Release|Any CPU.Build.0 = Release|Any CPU
		{C37BEE51-1AD1-4BFD-9A3A-8613579F3BAA}.Debug|Any CPU.ActiveCfg = Debug|Any CPU
		{C37BEE51-1AD1-4BFD-9A3A-8613579F3BAA}.Debug|Any CPU.Build.0 = Debug|Any CPU
		{C37BEE51-1AD1-4BFD-9A3A-8613579F3BAA}.Release|Any CPU.ActiveCfg = Release|Any CPU
		{C37BEE51-1AD1-4BFD-9A3A-8613579F3BAA}.Release|Any CPU.Build.0 = Release|Any CPU
		{6D59F091-366D-4150-A5CD-02A196C3D972}.Debug|Any CPU.ActiveCfg = Debug|Any CPU
		{6D59F091-366D-4150-A5CD-02A196C3D972}.Debug|Any CPU.Build.0 = Debug|Any CPU
		{6D59F091-366D-4150-A5CD-02A196C3D972}.Release|Any CPU.ActiveCfg = Release|Any CPU
		{6D59F091-366D-4150-A5CD-02A196C3D972}.Release|Any CPU.Build.0 = Release|Any CPU
		{051AC430-F99E-4286-A4ED-92DD5D3B3168}.Debug|Any CPU.ActiveCfg = Debug|Any CPU
		{051AC430-F99E-4286-A4ED-92DD5D3B3168}.Debug|Any CPU.Build.0 = Debug|Any CPU
		{051AC430-F99E-4286-A4ED-92DD5D3B3168}.Release|Any CPU.ActiveCfg = Release|Any CPU
		{051AC430-F99E-4286-A4ED-92DD5D3B3168}.Release|Any CPU.Build.0 = Release|Any CPU
		{4ED7FB47-9515-4E2D-A531-E08629519963}.Debug|Any CPU.ActiveCfg = Debug|Any CPU
		{4ED7FB47-9515-4E2D-A531-E08629519963}.Debug|Any CPU.Build.0 = Debug|Any CPU
		{4ED7FB47-9515-4E2D-A531-E08629519963}.Release|Any CPU.ActiveCfg = Release|Any CPU
		{4ED7FB47-9515-4E2D-A531-E08629519963}.Release|Any CPU.Build.0 = Release|Any CPU
		{0D4772AF-22E4-4594-B0FB-ABFAC7433BB9}.Debug|Any CPU.ActiveCfg = Debug|Any CPU
		{0D4772AF-22E4-4594-B0FB-ABFAC7433BB9}.Debug|Any CPU.Build.0 = Debug|Any CPU
		{0D4772AF-22E4-4594-B0FB-ABFAC7433BB9}.Release|Any CPU.ActiveCfg = Release|Any CPU
		{0D4772AF-22E4-4594-B0FB-ABFAC7433BB9}.Release|Any CPU.Build.0 = Release|Any CPU
		{9A9230DB-4A44-4257-8244-E6CC60194560}.Debug|Any CPU.ActiveCfg = Debug|Any CPU
		{9A9230DB-4A44-4257-8244-E6CC60194560}.Debug|Any CPU.Build.0 = Debug|Any CPU
		{9A9230DB-4A44-4257-8244-E6CC60194560}.Release|Any CPU.ActiveCfg = Release|Any CPU
		{9A9230DB-4A44-4257-8244-E6CC60194560}.Release|Any CPU.Build.0 = Release|Any CPU
	EndGlobalSection
	GlobalSection(SolutionProperties) = preSolution
		HideSolutionNode = FALSE
	EndGlobalSection
	GlobalSection(NestedProjects) = preSolution
		{CD09C32D-4180-4B36-8FDB-6015344313B5} = {9AFA4336-C6C7-49BC-B263-8E5B012D252D}
		{326DC838-D1CE-445A-AEA1-E329CBB99365} = {9AFA4336-C6C7-49BC-B263-8E5B012D252D}
		{4A1DF7E4-491D-4178-A5BF-27915AB8A98B} = {9AFA4336-C6C7-49BC-B263-8E5B012D252D}
		{9AA1D966-3D5F-488D-AEE6-9CEB8C20FC70} = {9AFA4336-C6C7-49BC-B263-8E5B012D252D}
		{48C569CB-4468-488E-90BB-65DF0DA05472} = {9AFA4336-C6C7-49BC-B263-8E5B012D252D}
		{3CDED5DA-66AF-4AC7-8F08-153EA4D3F07E} = {9AFA4336-C6C7-49BC-B263-8E5B012D252D}
		{B8DE59FB-34AE-40E0-83B5-40889E230346} = {9AFA4336-C6C7-49BC-B263-8E5B012D252D}
		{C37BEE51-1AD1-4BFD-9A3A-8613579F3BAA} = {9AFA4336-C6C7-49BC-B263-8E5B012D252D}
		{6D59F091-366D-4150-A5CD-02A196C3D972} = {0BBE9799-F0FA-47A0-9AB9-EA9AB28098C5}
		{051AC430-F99E-4286-A4ED-92DD5D3B3168} = {0BBE9799-F0FA-47A0-9AB9-EA9AB28098C5}
		{4ED7FB47-9515-4E2D-A531-E08629519963} = {0BBE9799-F0FA-47A0-9AB9-EA9AB28098C5}
		{0D4772AF-22E4-4594-B0FB-ABFAC7433BB9} = {0BBE9799-F0FA-47A0-9AB9-EA9AB28098C5}
		{9A9230DB-4A44-4257-8244-E6CC60194560} = {BF5E0873-389B-438E-9A78-C8931365FFF5}
	EndGlobalSection
	GlobalSection(ExtensibilityGlobals) = postSolution
		SolutionGuid = {DA05954E-B92B-4C7F-A76D-C19B19C00D72}
	EndGlobalSection
EndGlobal
